
Microsoft Visual Studio Solution File, Format Version 12.00
# Visual Studio 15
VisualStudioVersion = 15.0.26730.16
MinimumVisualStudioVersion = 10.0.40219.1
Project("{FAE04EC0-301F-11D3-BF4B-00C04F79EFBC}") = "GroupaBull", "GroupaBull\GroupaBull.csproj", "{BA84FD91-7F37-4414-B6A4-BFD5149DCDBD}"
EndProject
Global
	GlobalSection(SolutionConfigurationPlatforms) = preSolution
		Debug|Any CPU = Debug|Any CPU
		Release|Any CPU = Release|Any CPU
	EndGlobalSection
	GlobalSection(ProjectConfigurationPlatforms) = postSolution
		{BA84FD91-7F37-4414-B6A4-BFD5149DCDBD}.Debug|Any CPU.ActiveCfg = Debug|Any CPU
		{BA84FD91-7F37-4414-B6A4-BFD5149DCDBD}.Debug|Any CPU.Build.0 = Debug|Any CPU
		{BA84FD91-7F37-4414-B6A4-BFD5149DCDBD}.Release|Any CPU.ActiveCfg = Release|Any CPU
		{BA84FD91-7F37-4414-B6A4-BFD5149DCDBD}.Release|Any CPU.Build.0 = Release|Any CPU
	EndGlobalSection
	GlobalSection(SolutionProperties) = preSolution
		HideSolutionNode = FALSE
	EndGlobalSection
	GlobalSection(ExtensibilityGlobals) = postSolution
		SolutionGuid = {7B968CAA-5107-4CF2-B988-1D121490C673}
	EndGlobalSection
EndGlobal
